<?xml version="1.0" encoding="UTF-8"?>
<CONFIG>
  <ProjectOptions>
    <Version Value="12"/>
    <General>
      <Flags>
        <MainUnitHasCreateFormStatements Value="False"/>
        <MainUnitHasTitleStatement Value="False"/>
        <MainUnitHasScaledStatement Value="False"/>
      </Flags>
      <SessionStorage Value="InProjectDir"/>
      <Title Value="Simulator"/>
      <UseAppBundle Value="False"/>
      <ResourceType Value="res"/>
    </General>
    <VersionInfo>
      <UseVersionInfo Value="True"/>
      <AutoIncrementBuild Value="True"/>
      <MajorVersionNr Value="2"/>
      <MinorVersionNr Value="1"/>
      <BuildNr Value="41"/>
      <StringTable Comments="CyberUnits demo application" CompanyName="Ruhr University of Bochum" FileDescription="Linear 1st order feedback demo (CLI version)" InternalName="FC1L 2.1.0 Foudre" LegalCopyright="1994–2026 J. W. Dietrich and Ruhr University of Bochum" LegalTrademarks="CyberUnits" ProductName="CyberUnits FC1L CLI demo" ProductVersion="2.1"/>
    </VersionInfo>
    <BuildModes>
      <Item Name="Default" Default="True"/>
    </BuildModes>
    <PublishOptions>
      <Version Value="2"/>
      <UseFileFilters Value="True"/>
    </PublishOptions>
    <RunParams>
      <FormatVersion Value="2"/>
    </RunParams>
    <Units>
      <Unit>
        <Filename Value="Simulator.lpr"/>
        <IsPartOfProject Value="True"/>
      </Unit>
      <Unit>
        <Filename Value="simulationengine.pas"/>
        <IsPartOfProject Value="True"/>
        <UnitName Value="SimulationEngine"/>
      </Unit>
      <Unit>
        <Filename Value="../../bricks.pas"/>
        <IsPartOfProject Value="True"/>
        <UnitName Value="Bricks"/>
      </Unit>
      <Unit>
        <Filename Value="cliservices.pas"/>
        <IsPartOfProject Value="True"/>
        <UnitName Value="CLIServices"/>
      </Unit>
      <Unit>
        <Filename Value="highrestime.pas"/>
        <IsPartOfProject Value="True"/>
        <UnitName Value="HighResTime"/>
      </Unit>
    </Units>
  </ProjectOptions>
  <CompilerOptions>
    <Version Value="11"/>
    <Target>
      <Filename Value="Simulator"/>
    </Target>
    <SearchPaths>
      <IncludeFiles Value="$(ProjOutDir)"/>
      <OtherUnitFiles Value="../.."/>
      <UnitOutputDirectory Value="lib/$(TargetCPU)-$(TargetOS)"/>
    </SearchPaths>
    <CodeGeneration>
      <TargetCPU Value="aarch64"/>
      <Optimizations>
        <OptimizationLevel Value="3"/>
      </Optimizations>
    </CodeGeneration>
    <Linking>
      <Debugging>
        <GenerateDebugInfo Value="False"/>
        <RunWithoutDebug Value="True"/>
        <DebugInfoType Value="dsDwarf3"/>
        <StripSymbols Value="True"/>
      </Debugging>
    </Linking>
  </CompilerOptions>
  <Debugging>
    <Exceptions>
      <Item>
        <Name Value="EAbort"/>
      </Item>
      <Item>
        <Name Value="ECodetoolError"/>
      </Item>
      <Item>
        <Name Value="EFOpenError"/>
      </Item>
    </Exceptions>
  </Debugging>
</CONFIG>
