// !$*UTF8*$!
{
	archiveVersion = 1;
	classes = {
	};
	objectVersion = 56;
	objects = {

/* Begin PBXBuildFile section */
		8F5F9C8E2A7B6C1C00AE5F9C /* main.swift in Sources */ = {isa = PBXBuildFile; fileRef = 8F5F9C8D2A7B6C1C00AE5F9C /* main.swift */; };
		8FF4F7502A7B6D530009A3FE /* bricks.swift in Sources */ = {isa = PBXBuildFile; fileRef = 8FF4F74F2A7B6D530009A3FE /* bricks.swift */; };
		8FF4F7542A7B6E810009A3FE /* Numerics in Frameworks */ = {isa = PBXBuildFile; productRef = 8FF4F7532A7B6E810009A3FE /* Numerics */; };
		8FF4F7562A7B6F840009A3FE /* lifeblocks.swift in Sources */ = {isa = PBXBuildFile; fileRef = 8FF4F7552A7B6F840009A3FE /* lifeblocks.swift */; };
/* End PBXBuildFile section */

/* Begin PBXCopyFilesBuildPhase section */
		8F5F9C882A7B6C1C00AE5F9C /* CopyFiles */ = {
			isa = PBXCopyFilesBuildPhase;
			buildActionMask = 2147483647;
			dstPath = /usr/share/man/man1/;
			dstSubfolderSpec = 0;
			files = (
			);
			runOnlyForDeploymentPostprocessing = 1;
		};
/* End PBXCopyFilesBuildPhase section */

/* Begin PBXFileReference section */
		8F5F9C8A2A7B6C1C00AE5F9C /* Simulator_FC0M_Swift */ = {isa = PBXFileReference; explicitFileType = "compiled.mach-o.executable"; includeInIndex = 0; path = Simulator_FC0M_Swift; sourceTree = BUILT_PRODUCTS_DIR; };
		8F5F9C8D2A7B6C1C00AE5F9C /* main.swift */ = {isa = PBXFileReference; lastKnownFileType = sourcecode.swift; path = main.swift; sourceTree = "<group>"; };
		8FF4F74F2A7B6D530009A3FE /* bricks.swift */ = {isa = PBXFileReference; fileEncoding = 4; lastKnownFileType = sourcecode.swift; path = bricks.swift; sourceTree = "<group>"; };
		8FF4F7552A7B6F840009A3FE /* lifeblocks.swift */ = {isa = PBXFileReference; lastKnownFileType = sourcecode.swift; path = lifeblocks.swift; sourceTree = "<group>"; };
/* End PBXFileReference section */

/* Begin PBXFrameworksBuildPhase section */
		8F5F9C872A7B6C1C00AE5F9C /* Frameworks */ = {
			isa = PBXFrameworksBuildPhase;
			buildActionMask = 2147483647;
			files = (
				8FF4F7542A7B6E810009A3FE /* Numerics in Frameworks */,
			);
			runOnlyForDeploymentPostprocessing = 0;
		};
/* End PBXFrameworksBuildPhase section */

/* Begin PBXGroup section */
		8F5F9C812A7B6C1C00AE5F9C = {
			isa = PBXGroup;
			children = (
				8F5F9C8C2A7B6C1C00AE5F9C /* Simulator_FC0M_Swift */,
				8F5F9C8B2A7B6C1C00AE5F9C /* Products */,
			);
			sourceTree = "<group>";
		};
		8F5F9C8B2A7B6C1C00AE5F9C /* Products */ = {
			isa = PBXGroup;
			children = (
				8F5F9C8A2A7B6C1C00AE5F9C /* Simulator_FC0M_Swift */,
			);
			name = Products;
			sourceTree = "<group>";
		};
		8F5F9C8C2A7B6C1C00AE5F9C /* Simulator_FC0M_Swift */ = {
			isa = PBXGroup;
			children = (
				8FF4F74F2A7B6D530009A3FE /* bricks.swift */,
				8FF4F7552A7B6F840009A3FE /* lifeblocks.swift */,
				8F5F9C8D2A7B6C1C00AE5F9C /* main.swift */,
			);
			path = Simulator_FC0M_Swift;
			sourceTree = "<group>";
		};
/* End PBXGroup section */

/* Begin PBXNativeTarget section */
		8F5F9C892A7B6C1C00AE5F9C /* Simulator_FC0M_Swift */ = {
			isa = PBXNativeTarget;
			buildConfigurationList = 8F5F9C912A7B6C1C00AE5F9C /* Build configuration list for PBXNativeTarget "Simulator_FC0M_Swift" */;
			buildPhases = (
				8F5F9C862A7B6C1C00AE5F9C /* Sources */,
				8F5F9C872A7B6C1C00AE5F9C /* Frameworks */,
				8F5F9C882A7B6C1C00AE5F9C /* CopyFiles */,
			);
			buildRules = (
			);
			dependencies = (
			);
			name = Simulator_FC0M_Swift;
			packageProductDependencies = (
				8FF4F7532A7B6E810009A3FE /* Numerics */,
			);
			productName = Simulator_FC0M_Swift;
			productReference = 8F5F9C8A2A7B6C1C00AE5F9C /* Simulator_FC0M_Swift */;
			productType = "com.apple.product-type.tool";
		};
/* End PBXNativeTarget section */

/* Begin PBXProject section */
		8F5F9C822A7B6C1C00AE5F9C /* Project object */ = {
			isa = PBXProject;
			attributes = {
				BuildIndependentTargetsInParallel = 1;
				LastSwiftUpdateCheck = 1430;
				LastUpgradeCheck = 1430;
				TargetAttributes = {
					8F5F9C892A7B6C1C00AE5F9C = {
						CreatedOnToolsVersion = 14.3.1;
					};
				};
			};
			buildConfigurationList = 8F5F9C852A7B6C1C00AE5F9C /* Build configuration list for PBXProject "Simulator_FC0M_Swift" */;
			compatibilityVersion = "Xcode 14.0";
			developmentRegion = en;
			hasScannedForEncodings = 0;
			knownRegions = (
				en,
				Base,
			);
			mainGroup = 8F5F9C812A7B6C1C00AE5F9C;
			packageReferences = (
				8FF4F7522A7B6E810009A3FE /* XCRemoteSwiftPackageReference "swift-numerics" */,
			);
			productRefGroup = 8F5F9C8B2A7B6C1C00AE5F9C /* Products */;
			projectDirPath = "";
			projectRoot = "";
			targets = (
				8F5F9C892A7B6C1C00AE5F9C /* Simulator_FC0M_Swift */,
			);
		};
/* End PBXProject section */

/* Begin PBXSourcesBuildPhase section */
		8F5F9C862A7B6C1C00AE5F9C /* Sources */ = {
			isa = PBXSourcesBuildPhase;
			buildActionMask = 2147483647;
			files = (
				8FF4F7562A7B6F840009A3FE /* lifeblocks.swift in Sources */,
				8F5F9C8E2A7B6C1C00AE5F9C /* main.swift in Sources */,
				8FF4F7502A7B6D530009A3FE /* bricks.swift in Sources */,
			);
			runOnlyForDeploymentPostprocessing = 0;
		};
/* End PBXSourcesBuildPhase section */

/* Begin XCBuildConfiguration section */
		8F5F9C8F2A7B6C1C00AE5F9C /* Debug */ = {
			isa = XCBuildConfiguration;
			buildSettings = {
				ALWAYS_SEARCH_USER_PATHS = NO;
				CLANG_ANALYZER_NONNULL = YES;
				CLANG_ANALYZER_NUMBER_OBJECT_CONVERSION = YES_AGGRESSIVE;
				CLANG_CXX_LANGUAGE_STANDARD = "gnu++20";
				CLANG_ENABLE_MODULES = YES;
				CLANG_ENABLE_OBJC_ARC = YES;
				CLANG_ENABLE_OBJC_WEAK = YES;
				CLANG_WARN_BLOCK_CAPTURE_AUTORELEASING = YES;
				CLANG_WARN_BOOL_CONVERSION = YES;
				CLANG_WARN_COMMA = YES;
				CLANG_WARN_CONSTANT_CONVERSION = YES;
				CLANG_WARN_DEPRECATED_OBJC_IMPLEMENTATIONS = YES;
				CLANG_WARN_DIRECT_OBJC_ISA_USAGE = YES_ERROR;
				CLANG_WARN_DOCUMENTATION_COMMENTS = YES;
				CLANG_WARN_EMPTY_BODY = YES;
				CLANG_WARN_ENUM_CONVERSION = YES;
				CLANG_WARN_INFINITE_RECURSION = YES;
				CLANG_WARN_INT_CONVERSION = YES;
				CLANG_WARN_NON_LITERAL_NULL_CONVERSION = YES;
				CLANG_WARN_OBJC_IMPLICIT_RETAIN_SELF = YES;
				CLANG_WARN_OBJC_LITERAL_CONVERSION = YES;
				CLANG_WARN_OBJC_ROOT_CLASS = YES_ERROR;
				CLANG_WARN_QUOTED_INCLUDE_IN_FRAMEWORK_HEADER = YES;
				CLANG_WARN_RANGE_LOOP_ANALYSIS = YES;
				CLANG_WARN_STRICT_PROTOTYPES = YES;
				CLANG_WARN_SUSPICIOUS_MOVE = YES;
				CLANG_WARN_UNGUARDED_AVAILABILITY = YES_AGGRESSIVE;
				CLANG_WARN_UNREACHABLE_CODE = YES;
				CLANG_WARN__DUPLICATE_METHOD_MATCH = YES;
				COPY_PHASE_STRIP = NO;
				DEBUG_INFORMATION_FORMAT = dwarf;
				ENABLE_STRICT_OBJC_MSGSEND = YES;
				ENABLE_TESTABILITY = YES;
				GCC_C_LANGUAGE_STANDARD = gnu11;
				GCC_DYNAMIC_NO_PIC = NO;
				GCC_NO_COMMON_BLOCKS = YES;
				GCC_OPTIMIZATION_LEVEL = 0;
				GCC_PREPROCESSOR_DEFINITIONS = (
					"DEBUG=1",
					"$(inherited)",
				);
				GCC_WARN_64_TO_32_BIT_CONVERSION = YES;
				GCC_WARN_ABOUT_RETURN_TYPE = YES_ERROR;
				GCC_WARN_UNDECLARED_SELECTOR = YES;
				GCC_WARN_UNINITIALIZED_AUTOS = YES_AGGRESSIVE;
				GCC_WARN_UNUSED_FUNCTION = YES;
				GCC_WARN_UNUSED_VARIABLE = YES;
				MACOSX_DEPLOYMENT_TARGET = 13.3;
				MTL_ENABLE_DEBUG_INFO = INCLUDE_SOURCE;
				MTL_FAST_MATH = YES;
				ONLY_ACTIVE_ARCH = YES;
				SDKROOT = macosx;
				SWIFT_ACTIVE_COMPILATION_CONDITIONS = DEBUG;
				SWIFT_OPTIMIZATION_LEVEL = "-Onone";
			};
			name = Debug;
		};
		8F5F9C902A7B6C1C00AE5F9C /* Release */ = {
			isa = XCBuildConfiguration;
			buildSettings = {
				ALWAYS_SEARCH_USER_PATHS = NO;
				CLANG_ANALYZER_NONNULL = YES;
				CLANG_ANALYZER_NUMBER_OBJECT_CONVERSION = YES_AGGRESSIVE;
				CLANG_CXX_LANGUAGE_STANDARD = "gnu++20";
				CLANG_ENABLE_MODULES = YES;
				CLANG_ENABLE_OBJC_ARC = YES;
				CLANG_ENABLE_OBJC_WEAK = YES;
				CLANG_WARN_BLOCK_CAPTURE_AUTORELEASING = YES;
				CLANG_WARN_BOOL_CONVERSION = YES;
				CLANG_WARN_COMMA = YES;
				CLANG_WARN_CONSTANT_CONVERSION = YES;
				CLANG_WARN_DEPRECATED_OBJC_IMPLEMENTATIONS = YES;
				CLANG_WARN_DIRECT_OBJC_ISA_USAGE = YES_ERROR;
				CLANG_WARN_DOCUMENTATION_COMMENTS = YES;
				CLANG_WARN_EMPTY_BODY = YES;
				CLANG_WARN_ENUM_CONVERSION = YES;
				CLANG_WARN_INFINITE_RECURSION = YES;
				CLANG_WARN_INT_CONVERSION = YES;
				CLANG_WARN_NON_LITERAL_NULL_CONVERSION = YES;
				CLANG_WARN_OBJC_IMPLICIT_RETAIN_SELF = YES;
				CLANG_WARN_OBJC_LITERAL_CONVERSION = YES;
				CLANG_WARN_OBJC_ROOT_CLASS = YES_ERROR;
				CLANG_WARN_QUOTED_INCLUDE_IN_FRAMEWORK_HEADER = YES;
				CLANG_WARN_RANGE_LOOP_ANALYSIS = YES;
				CLANG_WARN_STRICT_PROTOTYPES = YES;
				CLANG_WARN_SUSPICIOUS_MOVE = YES;
				CLANG_WARN_UNGUARDED_AVAILABILITY = YES_AGGRESSIVE;
				CLANG_WARN_UNREACHABLE_CODE = YES;
				CLANG_WARN__DUPLICATE_METHOD_MATCH = YES;
				COPY_PHASE_STRIP = NO;
				DEBUG_INFORMATION_FORMAT = "dwarf-with-dsym";
				ENABLE_NS_ASSERTIONS = NO;
				ENABLE_STRICT_OBJC_MSGSEND = YES;
				GCC_C_LANGUAGE_STANDARD = gnu11;
				GCC_NO_COMMON_BLOCKS = YES;
				GCC_WARN_64_TO_32_BIT_CONVERSION = YES;
				GCC_WARN_ABOUT_RETURN_TYPE = YES_ERROR;
				GCC_WARN_UNDECLARED_SELECTOR = YES;
				GCC_WARN_UNINITIALIZED_AUTOS = YES_AGGRESSIVE;
				GCC_WARN_UNUSED_FUNCTION = YES;
				GCC_WARN_UNUSED_VARIABLE = YES;
				MACOSX_DEPLOYMENT_TARGET = 13.3;
				MTL_ENABLE_DEBUG_INFO = NO;
				MTL_FAST_MATH = YES;
				SDKROOT = macosx;
				SWIFT_COMPILATION_MODE = wholemodule;
				SWIFT_OPTIMIZATION_LEVEL = "-O";
			};
			name = Release;
		};
		8F5F9C922A7B6C1C00AE5F9C /* Debug */ = {
			isa = XCBuildConfiguration;
			buildSettings = {
				CODE_SIGN_STYLE = Automatic;
				DEVELOPMENT_TEAM = 4ZBDTJSK4V;
				ENABLE_HARDENED_RUNTIME = YES;
				PRODUCT_NAME = "$(TARGET_NAME)";
				SWIFT_VERSION = 5.0;
			};
			name = Debug;
		};
		8F5F9C932A7B6C1C00AE5F9C /* Release */ = {
			isa = XCBuildConfiguration;
			buildSettings = {
				CODE_SIGN_STYLE = Automatic;
				DEVELOPMENT_TEAM = 4ZBDTJSK4V;
				ENABLE_HARDENED_RUNTIME = YES;
				PRODUCT_NAME = "$(TARGET_NAME)";
				SWIFT_VERSION = 5.0;
			};
			name = Release;
		};
/* End XCBuildConfiguration section */

/* Begin XCConfigurationList section */
		8F5F9C852A7B6C1C00AE5F9C /* Build configuration list for PBXProject "Simulator_FC0M_Swift" */ = {
			isa = XCConfigurationList;
			buildConfigurations = (
				8F5F9C8F2A7B6C1C00AE5F9C /* Debug */,
				8F5F9C902A7B6C1C00AE5F9C /* Release */,
			);
			defaultConfigurationIsVisible = 0;
			defaultConfigurationName = Release;
		};
		8F5F9C912A7B6C1C00AE5F9C /* Build configuration list for PBXNativeTarget "Simulator_FC0M_Swift" */ = {
			isa = XCConfigurationList;
			buildConfigurations = (
				8F5F9C922A7B6C1C00AE5F9C /* Debug */,
				8F5F9C932A7B6C1C00AE5F9C /* Release */,
			);
			defaultConfigurationIsVisible = 0;
			defaultConfigurationName = Release;
		};
/* End XCConfigurationList section */

/* Begin XCRemoteSwiftPackageReference section */
		8FF4F7522A7B6E810009A3FE /* XCRemoteSwiftPackageReference "swift-numerics" */ = {
			isa = XCRemoteSwiftPackageReference;
			repositoryURL = "https://github.com/apple/swift-numerics.git";
			requirement = {
				kind = upToNextMajorVersion;
				minimumVersion = 1.0.0;
			};
		};
/* End XCRemoteSwiftPackageReference section */

/* Begin XCSwiftPackageProductDependency section */
		8FF4F7532A7B6E810009A3FE /* Numerics */ = {
			isa = XCSwiftPackageProductDependency;
			package = 8FF4F7522A7B6E810009A3FE /* XCRemoteSwiftPackageReference "swift-numerics" */;
			productName = Numerics;
		};
/* End XCSwiftPackageProductDependency section */
	};
	rootObject = 8F5F9C822A7B6C1C00AE5F9C /* Project object */;
}
